// !$*UTF8*$!
{
	archiveVersion = 1;
	classes = {
	};
	objectVersion = 55;
	objects = {

/* Begin PBXBuildFile section */
		2E376C382881C6730064E3C9 /* EmojiArtApp.swift in Sources */ = {isa = PBXBuildFile; fileRef = 2E376C372881C6730064E3C9 /* EmojiArtApp.swift */; };
		2E376C3A2881C6730064E3C9 /* EmojiArtDocumentView.swift in Sources */ = {isa = PBXBuildFile; fileRef = 2E376C392881C6730064E3C9 /* EmojiArtDocumentView.swift */; };
		2E376C3C2881C6730064E3C9 /* Assets.xcassets in Resources */ = {isa = PBXBuildFile; fileRef = 2E376C3B2881C6730064E3C9 /* Assets.xcassets */; };
		2E376C402881C6730064E3C9 /* Preview Assets.xcassets in Resources */ = {isa = PBXBuildFile; fileRef = 2E376C3F2881C6730064E3C9 /* Preview Assets.xcassets */; };
		2E376C482881C69D0064E3C9 /* EmojiArtModel.swift in Sources */ = {isa = PBXBuildFile; fileRef = 2E376C472881C69D0064E3C9 /* EmojiArtModel.swift */; };
		2E376C4A2881C89D0064E3C9 /* EmojiArtBackground.swift in Sources */ = {isa = PBXBuildFile; fileRef = 2E376C492881C89D0064E3C9 /* EmojiArtBackground.swift */; };
		2E376C4D2881C9AA0064E3C9 /* EmojiArtDocument.swift in Sources */ = {isa = PBXBuildFile; fileRef = 2E376C4C2881C9AA0064E3C9 /* EmojiArtDocument.swift */; };
		2E376C502881CBE20064E3C9 /* CollectionHelpers.swift in Sources */ = {isa = PBXBuildFile; fileRef = 2E376C4F2881CBE20064E3C9 /* CollectionHelpers.swift */; };
		2E376C522881CDF40064E3C9 /* ViewHelpers.swift in Sources */ = {isa = PBXBuildFile; fileRef = 2E376C512881CDF40064E3C9 /* ViewHelpers.swift */; };
		2EC36462288B050E00CD78F7 /* PaletteEditor.swift in Sources */ = {isa = PBXBuildFile; fileRef = 2EC36461288B050E00CD78F7 /* PaletteEditor.swift */; };
		2EC36464288B1E2100CD78F7 /* PaletteManager.swift in Sources */ = {isa = PBXBuildFile; fileRef = 2EC36463288B1E2100CD78F7 /* PaletteManager.swift */; };
		2EE02F732889C02900937E85 /* PaletteStore.swift in Sources */ = {isa = PBXBuildFile; fileRef = 2EE02F722889C02900937E85 /* PaletteStore.swift */; };
		2EE02F75288AFFE100937E85 /* PaletteChoser.swift in Sources */ = {isa = PBXBuildFile; fileRef = 2EE02F74288AFFE100937E85 /* PaletteChoser.swift */; };
/* End PBXBuildFile section */

/* Begin PBXFileReference section */
		2E07A987288EF9F400B0131A /* Info.plist */ = {isa = PBXFileReference; lastKnownFileType = text.plist; path = Info.plist; sourceTree = "<group>"; };
		2E376C342881C6730064E3C9 /* EmojiArt.app */ = {isa = PBXFileReference; explicitFileType = wrapper.application; includeInIndex = 0; path = EmojiArt.app; sourceTree = BUILT_PRODUCTS_DIR; };
		2E376C372881C6730064E3C9 /* EmojiArtApp.swift */ = {isa = PBXFileReference; lastKnownFileType = sourcecode.swift; path = EmojiArtApp.swift; sourceTree = "<group>"; };
		2E376C392881C6730064E3C9 /* EmojiArtDocumentView.swift */ = {isa = PBXFileReference; lastKnownFileType = sourcecode.swift; path = EmojiArtDocumentView.swift; sourceTree = "<group>"; };
		2E376C3B2881C6730064E3C9 /* Assets.xcassets */ = {isa = PBXFileReference; lastKnownFileType = folder.assetcatalog; path = Assets.xcassets; sourceTree = "<group>"; };
		2E376C3D2881C6730064E3C9 /* EmojiArt.entitlements */ = {isa = PBXFileReference; lastKnownFileType = text.plist.entitlements; path = EmojiArt.entitlements; sourceTree = "<group>"; };
		2E376C3F2881C6730064E3C9 /* Preview Assets.xcassets */ = {isa = PBXFileReference; lastKnownFileType = folder.assetcatalog; path = "Preview Assets.xcassets"; sourceTree = "<group>"; };
		2E376C472881C69D0064E3C9 /* EmojiArtModel.swift */ = {isa = PBXFileReference; lastKnownFileType = sourcecode.swift; path = EmojiArtModel.swift; sourceTree = "<group>"; };
		2E376C492881C89D0064E3C9 /* EmojiArtBackground.swift */ = {isa = PBXFileReference; lastKnownFileType = sourcecode.swift; path = EmojiArtBackground.swift; sourceTree = "<group>"; };
		2E376C4C2881C9AA0064E3C9 /* EmojiArtDocument.swift */ = {isa = PBXFileReference; lastKnownFileType = sourcecode.swift; path = EmojiArtDocument.swift; sourceTree = "<group>"; };
		2E376C4F2881CBE20064E3C9 /* CollectionHelpers.swift */ = {isa = PBXFileReference; lastKnownFileType = sourcecode.swift; path = CollectionHelpers.swift; sourceTree = "<group>"; };
		2E376C512881CDF40064E3C9 /* ViewHelpers.swift */ = {isa = PBXFileReference; lastKnownFileType = sourcecode.swift; path = ViewHelpers.swift; sourceTree = "<group>"; };
		2EC36461288B050E00CD78F7 /* PaletteEditor.swift */ = {isa = PBXFileReference; lastKnownFileType = sourcecode.swift; path = PaletteEditor.swift; sourceTree = "<group>"; };
		2EC36463288B1E2100CD78F7 /* PaletteManager.swift */ = {isa = PBXFileReference; lastKnownFileType = sourcecode.swift; path = PaletteManager.swift; sourceTree = "<group>"; };
		2EE02F722889C02900937E85 /* PaletteStore.swift */ = {isa = PBXFileReference; lastKnownFileType = sourcecode.swift; path = PaletteStore.swift; sourceTree = "<group>"; };
		2EE02F74288AFFE100937E85 /* PaletteChoser.swift */ = {isa = PBXFileReference; lastKnownFileType = sourcecode.swift; path = PaletteChoser.swift; sourceTree = "<group>"; };
/* End PBXFileReference section */

/* Begin PBXFrameworksBuildPhase section */
		2E376C312881C6730064E3C9 /* Frameworks */ = {
			isa = PBXFrameworksBuildPhase;
			buildActionMask = 2147483647;
			files = (
			);
			runOnlyForDeploymentPostprocessing = 0;
		};
/* End PBXFrameworksBuildPhase section */

/* Begin PBXGroup section */
		2E376C2B2881C6730064E3C9 = {
			isa = PBXGroup;
			children = (
				2E376C362881C6730064E3C9 /* EmojiArt */,
				2E376C352881C6730064E3C9 /* Products */,
			);
			sourceTree = "<group>";
		};
		2E376C352881C6730064E3C9 /* Products */ = {
			isa = PBXGroup;
			children = (
				2E376C342881C6730064E3C9 /* EmojiArt.app */,
			);
			name = Products;
			sourceTree = "<group>";
		};
		2E376C362881C6730064E3C9 /* EmojiArt */ = {
			isa = PBXGroup;
			children = (
				2E07A987288EF9F400B0131A /* Info.plist */,
				2E376C372881C6730064E3C9 /* EmojiArtApp.swift */,
				2E376C4E2881CAB70064E3C9 /* Helpers */,
				2E376C462881C6870064E3C9 /* Model */,
				2E376C4B2881C9930064E3C9 /* ViewModel */,
				2EC36460288B001600CD78F7 /* Views */,
				2E376C3B2881C6730064E3C9 /* Assets.xcassets */,
				2E376C3D2881C6730064E3C9 /* EmojiArt.entitlements */,
				2E376C3E2881C6730064E3C9 /* Preview Content */,
			);
			path = EmojiArt;
			sourceTree = "<group>";
		};
		2E376C3E2881C6730064E3C9 /* Preview Content */ = {
			isa = PBXGroup;
			children = (
				2E376C3F2881C6730064E3C9 /* Preview Assets.xcassets */,
			);
			path = "Preview Content";
			sourceTree = "<group>";
		};
		2E376C462881C6870064E3C9 /* Model */ = {
			isa = PBXGroup;
			children = (
				2E376C472881C69D0064E3C9 /* EmojiArtModel.swift */,
				2E376C492881C89D0064E3C9 /* EmojiArtBackground.swift */,
			);
			path = Model;
			sourceTree = "<group>";
		};
		2E376C4B2881C9930064E3C9 /* ViewModel */ = {
			isa = PBXGroup;
			children = (
				2E376C4C2881C9AA0064E3C9 /* EmojiArtDocument.swift */,
				2EE02F722889C02900937E85 /* PaletteStore.swift */,
			);
			path = ViewModel;
			sourceTree = "<group>";
		};
		2E376C4E2881CAB70064E3C9 /* Helpers */ = {
			isa = PBXGroup;
			children = (
				2E376C4F2881CBE20064E3C9 /* CollectionHelpers.swift */,
				2E376C512881CDF40064E3C9 /* ViewHelpers.swift */,
			);
			path = Helpers;
			sourceTree = "<group>";
		};
		2EC36460288B001600CD78F7 /* Views */ = {
			isa = PBXGroup;
			children = (
				2E376C392881C6730064E3C9 /* EmojiArtDocumentView.swift */,
				2EE02F74288AFFE100937E85 /* PaletteChoser.swift */,
				2EC36461288B050E00CD78F7 /* PaletteEditor.swift */,
				2EC36463288B1E2100CD78F7 /* PaletteManager.swift */,
			);
			path = Views;
			sourceTree = "<group>";
		};
/* End PBXGroup section */

/* Begin PBXNativeTarget section */
		2E376C332881C6730064E3C9 /* EmojiArt */ = {
			isa = PBXNativeTarget;
			buildConfigurationList = 2E376C432881C6730064E3C9 /* Build configuration list for PBXNativeTarget "EmojiArt" */;
			buildPhases = (
				2E376C302881C6730064E3C9 /* Sources */,
				2E376C312881C6730064E3C9 /* Frameworks */,
				2E376C322881C6730064E3C9 /* Resources */,
			);
			buildRules = (
			);
			dependencies = (
			);
			name = EmojiArt;
			productName = EmojiArt;
			productReference = 2E376C342881C6730064E3C9 /* EmojiArt.app */;
			productType = "com.apple.product-type.application";
		};
/* End PBXNativeTarget section */

/* Begin PBXProject section */
		2E376C2C2881C6730064E3C9 /* Project object */ = {
			isa = PBXProject;
			attributes = {
				BuildIndependentTargetsInParallel = 1;
				LastSwiftUpdateCheck = 1400;
				LastUpgradeCheck = 1400;
				TargetAttributes = {
					2E376C332881C6730064E3C9 = {
						CreatedOnToolsVersion = 14.0;
					};
				};
			};
			buildConfigurationList = 2E376C2F2881C6730064E3C9 /* Build configuration list for PBXProject "EmojiArt" */;
			compatibilityVersion = "Xcode 13.0";
			developmentRegion = en;
			hasScannedForEncodings = 0;
			knownRegions = (
				en,
				Base,
			);
			mainGroup = 2E376C2B2881C6730064E3C9;
			productRefGroup = 2E376C352881C6730064E3C9 /* Products */;
			projectDirPath = "";
			projectRoot = "";
			targets = (
				2E376C332881C6730064E3C9 /* EmojiArt */,
			);
		};
/* End PBXProject section */

/* Begin PBXResourcesBuildPhase section */
		2E376C322881C6730064E3C9 /* Resources */ = {
			isa = PBXResourcesBuildPhase;
			buildActionMask = 2147483647;
			files = (
				2E376C402881C6730064E3C9 /* Preview Assets.xcassets in Resources */,
				2E376C3C2881C6730064E3C9 /* Assets.xcassets in Resources */,
			);
			runOnlyForDeploymentPostprocessing = 0;
		};
/* End PBXResourcesBuildPhase section */

/* Begin PBXSourcesBuildPhase section */
		2E376C302881C6730064E3C9 /* Sources */ = {
			isa = PBXSourcesBuildPhase;
			buildActionMask = 2147483647;
			files = (
				2E376C3A2881C6730064E3C9 /* EmojiArtDocumentView.swift in Sources */,
				2EC36464288B1E2100CD78F7 /* PaletteManager.swift in Sources */,
				2EE02F732889C02900937E85 /* PaletteStore.swift in Sources */,
				2EC36462288B050E00CD78F7 /* PaletteEditor.swift in Sources */,
				2E376C382881C6730064E3C9 /* EmojiArtApp.swift in Sources */,
				2E376C4D2881C9AA0064E3C9 /* EmojiArtDocument.swift in Sources */,
				2EE02F75288AFFE100937E85 /* PaletteChoser.swift in Sources */,
				2E376C4A2881C89D0064E3C9 /* EmojiArtBackground.swift in Sources */,
				2E376C482881C69D0064E3C9 /* EmojiArtModel.swift in Sources */,
				2E376C502881CBE20064E3C9 /* CollectionHelpers.swift in Sources */,
				2E376C522881CDF40064E3C9 /* ViewHelpers.swift in Sources */,
			);
			runOnlyForDeploymentPostprocessing = 0;
		};
/* End PBXSourcesBuildPhase section */

/* Begin XCBuildConfiguration section */
		2E376C412881C6730064E3C9 /* Debug */ = {
			isa = XCBuildConfiguration;
			buildSettings = {
				ALWAYS_SEARCH_USER_PATHS = NO;
				CLANG_ANALYZER_NONNULL = YES;
				CLANG_ANALYZER_NUMBER_OBJECT_CONVERSION = YES_AGGRESSIVE;
				CLANG_CXX_LANGUAGE_STANDARD = "gnu++17";
				CLANG_ENABLE_MODULES = YES;
				CLANG_ENABLE_OBJC_ARC = YES;
				CLANG_ENABLE_OBJC_WEAK = YES;
				CLANG_WARN_BLOCK_CAPTURE_AUTORELEASING = YES;
				CLANG_WARN_BOOL_CONVERSION = YES;
				CLANG_WARN_COMMA = YES;
				CLANG_WARN_CONSTANT_CONVERSION = YES;
				CLANG_WARN_DEPRECATED_OBJC_IMPLEMENTATIONS = YES;
				CLANG_WARN_DIRECT_OBJC_ISA_USAGE = YES_ERROR;
				CLANG_WARN_DOCUMENTATION_COMMENTS = YES;
				CLANG_WARN_EMPTY_BODY = YES;
				CLANG_WARN_ENUM_CONVERSION = YES;
				CLANG_WARN_INFINITE_RECURSION = YES;
				CLANG_WARN_INT_CONVERSION = YES;
				CLANG_WARN_NON_LITERAL_NULL_CONVERSION = YES;
				CLANG_WARN_OBJC_IMPLICIT_RETAIN_SELF = YES;
				CLANG_WARN_OBJC_LITERAL_CONVERSION = YES;
				CLANG_WARN_OBJC_ROOT_CLASS = YES_ERROR;
				CLANG_WARN_QUOTED_INCLUDE_IN_FRAMEWORK_HEADER = YES;
				CLANG_WARN_RANGE_LOOP_ANALYSIS = YES;
				CLANG_WARN_STRICT_PROTOTYPES = YES;
				CLANG_WARN_SUSPICIOUS_MOVE = YES;
				CLANG_WARN_UNGUARDED_AVAILABILITY = YES_AGGRESSIVE;
				CLANG_WARN_UNREACHABLE_CODE = YES;
				CLANG_WARN__DUPLICATE_METHOD_MATCH = YES;
				COPY_PHASE_STRIP = NO;
				DEBUG_INFORMATION_FORMAT = dwarf;
				ENABLE_STRICT_OBJC_MSGSEND = YES;
				ENABLE_TESTABILITY = YES;
				GCC_C_LANGUAGE_STANDARD = gnu11;
				GCC_DYNAMIC_NO_PIC = NO;
				GCC_NO_COMMON_BLOCKS = YES;
				GCC_OPTIMIZATION_LEVEL = 0;
				GCC_PREPROCESSOR_DEFINITIONS = (
					"DEBUG=1",
					"$(inherited)",
				);
				GCC_WARN_64_TO_32_BIT_CONVERSION = YES;
				GCC_WARN_ABOUT_RETURN_TYPE = YES_ERROR;
				GCC_WARN_UNDECLARED_SELECTOR = YES;
				GCC_WARN_UNINITIALIZED_AUTOS = YES_AGGRESSIVE;
				GCC_WARN_UNUSED_FUNCTION = YES;
				GCC_WARN_UNUSED_VARIABLE = YES;
				MTL_ENABLE_DEBUG_INFO = INCLUDE_SOURCE;
				MTL_FAST_MATH = YES;
				ONLY_ACTIVE_ARCH = YES;
				SWIFT_ACTIVE_COMPILATION_CONDITIONS = DEBUG;
				SWIFT_OPTIMIZATION_LEVEL = "-Onone";
			};
			name = Debug;
		};
		2E376C422881C6730064E3C9 /* Release */ = {
			isa = XCBuildConfiguration;
			buildSettings = {
				ALWAYS_SEARCH_USER_PATHS = NO;
				CLANG_ANALYZER_NONNULL = YES;
				CLANG_ANALYZER_NUMBER_OBJECT_CONVERSION = YES_AGGRESSIVE;
				CLANG_CXX_LANGUAGE_STANDARD = "gnu++17";
				CLANG_ENABLE_MODULES = YES;
				CLANG_ENABLE_OBJC_ARC = YES;
				CLANG_ENABLE_OBJC_WEAK = YES;
				CLANG_WARN_BLOCK_CAPTURE_AUTORELEASING = YES;
				CLANG_WARN_BOOL_CONVERSION = YES;
				CLANG_WARN_COMMA = YES;
				CLANG_WARN_CONSTANT_CONVERSION = YES;
				CLANG_WARN_DEPRECATED_OBJC_IMPLEMENTATIONS = YES;
				CLANG_WARN_DIRECT_OBJC_ISA_USAGE = YES_ERROR;
				CLANG_WARN_DOCUMENTATION_COMMENTS = YES;
				CLANG_WARN_EMPTY_BODY = YES;
				CLANG_WARN_ENUM_CONVERSION = YES;
				CLANG_WARN_INFINITE_RECURSION = YES;
				CLANG_WARN_INT_CONVERSION = YES;
				CLANG_WARN_NON_LITERAL_NULL_CONVERSION = YES;
				CLANG_WARN_OBJC_IMPLICIT_RETAIN_SELF = YES;
				CLANG_WARN_OBJC_LITERAL_CONVERSION = YES;
				CLANG_WARN_OBJC_ROOT_CLASS = YES_ERROR;
				CLANG_WARN_QUOTED_INCLUDE_IN_FRAMEWORK_HEADER = YES;
				CLANG_WARN_RANGE_LOOP_ANALYSIS = YES;
				CLANG_WARN_STRICT_PROTOTYPES = YES;
				CLANG_WARN_SUSPICIOUS_MOVE = YES;
				CLANG_WARN_UNGUARDED_AVAILABILITY = YES_AGGRESSIVE;
				CLANG_WARN_UNREACHABLE_CODE = YES;
				CLANG_WARN__DUPLICATE_METHOD_MATCH = YES;
				COPY_PHASE_STRIP = NO;
				DEBUG_INFORMATION_FORMAT = "dwarf-with-dsym";
				ENABLE_NS_ASSERTIONS = NO;
				ENABLE_STRICT_OBJC_MSGSEND = YES;
				GCC_C_LANGUAGE_STANDARD = gnu11;
				GCC_NO_COMMON_BLOCKS = YES;
				GCC_WARN_64_TO_32_BIT_CONVERSION = YES;
				GCC_WARN_ABOUT_RETURN_TYPE = YES_ERROR;
				GCC_WARN_UNDECLARED_SELECTOR = YES;
				GCC_WARN_UNINITIALIZED_AUTOS = YES_AGGRESSIVE;
				GCC_WARN_UNUSED_FUNCTION = YES;
				GCC_WARN_UNUSED_VARIABLE = YES;
				MTL_ENABLE_DEBUG_INFO = NO;
				MTL_FAST_MATH = YES;
				SWIFT_COMPILATION_MODE = wholemodule;
				SWIFT_OPTIMIZATION_LEVEL = "-O";
			};
			name = Release;
		};
		2E376C442881C6730064E3C9 /* Debug */ = {
			isa = XCBuildConfiguration;
			buildSettings = {
				ASSETCATALOG_COMPILER_APPICON_NAME = AppIcon;
				ASSETCATALOG_COMPILER_GLOBAL_ACCENT_COLOR_NAME = AccentColor;
				CODE_SIGN_ENTITLEMENTS = EmojiArt/EmojiArt.entitlements;
				CODE_SIGN_STYLE = Automatic;
				CURRENT_PROJECT_VERSION = 1;
				DEVELOPMENT_ASSET_PATHS = "\"EmojiArt/Preview Content\"";
				DEVELOPMENT_TEAM = 8Y2NMD7UXB;
				ENABLE_HARDENED_RUNTIME = YES;
				ENABLE_PREVIEWS = YES;
				GENERATE_INFOPLIST_FILE = YES;
				INFOPLIST_FILE = EmojiArt/Info.plist;
				INFOPLIST_KEY_UILaunchScreen_Generation = YES;
				"INFOPLIST_KEY_UILaunchScreen_Generation[sdk=iphoneos*]" = YES;
				"INFOPLIST_KEY_UILaunchScreen_Generation[sdk=iphonesimulator*]" = YES;
				INFOPLIST_KEY_UISupportedInterfaceOrientations_iPad = "UIInterfaceOrientationPortrait UIInterfaceOrientationPortraitUpsideDown UIInterfaceOrientationLandscapeLeft UIInterfaceOrientationLandscapeRight";
				INFOPLIST_KEY_UISupportedInterfaceOrientations_iPhone = "UIInterfaceOrientationPortrait UIInterfaceOrientationLandscapeLeft UIInterfaceOrientationLandscapeRight";
				IPHONEOS_DEPLOYMENT_TARGET = 15.5;
				LD_RUNPATH_SEARCH_PATHS = "@executable_path/Frameworks";
				"LD_RUNPATH_SEARCH_PATHS[sdk=macosx*]" = "@executable_path/../Frameworks";
				MACOSX_DEPLOYMENT_TARGET = 12.3;
				MARKETING_VERSION = 1.0;
				PRODUCT_BUNDLE_IDENTIFIER = com.lramirezsuarez.stanford.course.EmojiArt;
				PRODUCT_NAME = "$(TARGET_NAME)";
				SDKROOT = iphoneos;
				SUPPORTED_PLATFORMS = "iphoneos iphonesimulator macosx";
				SWIFT_EMIT_LOC_STRINGS = YES;
				SWIFT_VERSION = 5.0;
				TARGETED_DEVICE_FAMILY = "1,2";
			};
			name = Debug;
		};
		2E376C452881C6730064E3C9 /* Release */ = {
			isa = XCBuildConfiguration;
			buildSettings = {
				ASSETCATALOG_COMPILER_APPICON_NAME = AppIcon;
				ASSETCATALOG_COMPILER_GLOBAL_ACCENT_COLOR_NAME = AccentColor;
				CODE_SIGN_ENTITLEMENTS = EmojiArt/EmojiArt.entitlements;
				CODE_SIGN_STYLE = Automatic;
				CURRENT_PROJECT_VERSION = 1;
				DEVELOPMENT_ASSET_PATHS = "\"EmojiArt/Preview Content\"";
				DEVELOPMENT_TEAM = 8Y2NMD7UXB;
				ENABLE_HARDENED_RUNTIME = YES;
				ENABLE_PREVIEWS = YES;
				GENERATE_INFOPLIST_FILE = YES;
				INFOPLIST_FILE = EmojiArt/Info.plist;
				INFOPLIST_KEY_UILaunchScreen_Generation = YES;
				"INFOPLIST_KEY_UILaunchScreen_Generation[sdk=iphoneos*]" = YES;
				"INFOPLIST_KEY_UILaunchScreen_Generation[sdk=iphonesimulator*]" = YES;
				INFOPLIST_KEY_UISupportedInterfaceOrientations_iPad = "UIInterfaceOrientationPortrait UIInterfaceOrientationPortraitUpsideDown UIInterfaceOrientationLandscapeLeft UIInterfaceOrientationLandscapeRight";
				INFOPLIST_KEY_UISupportedInterfaceOrientations_iPhone = "UIInterfaceOrientationPortrait UIInterfaceOrientationLandscapeLeft UIInterfaceOrientationLandscapeRight";
				IPHONEOS_DEPLOYMENT_TARGET = 15.5;
				LD_RUNPATH_SEARCH_PATHS = "@executable_path/Frameworks";
				"LD_RUNPATH_SEARCH_PATHS[sdk=macosx*]" = "@executable_path/../Frameworks";
				MACOSX_DEPLOYMENT_TARGET = 12.3;
				MARKETING_VERSION = 1.0;
				PRODUCT_BUNDLE_IDENTIFIER = com.lramirezsuarez.stanford.course.EmojiArt;
				PRODUCT_NAME = "$(TARGET_NAME)";
				SDKROOT = iphoneos;
				SUPPORTED_PLATFORMS = "iphoneos iphonesimulator macosx";
				SWIFT_EMIT_LOC_STRINGS = YES;
				SWIFT_VERSION = 5.0;
				TARGETED_DEVICE_FAMILY = "1,2";
			};
			name = Release;
		};
/* End XCBuildConfiguration section */

/* Begin XCConfigurationList section */
		2E376C2F2881C6730064E3C9 /* Build configuration list for PBXProject "EmojiArt" */ = {
			isa = XCConfigurationList;
			buildConfigurations = (
				2E376C412881C6730064E3C9 /* Debug */,
				2E376C422881C6730064E3C9 /* Release */,
			);
			defaultConfigurationIsVisible = 0;
			defaultConfigurationName = Release;
		};
		2E376C432881C6730064E3C9 /* Build configuration list for PBXNativeTarget "EmojiArt" */ = {
			isa = XCConfigurationList;
			buildConfigurations = (
				2E376C442881C6730064E3C9 /* Debug */,
				2E376C452881C6730064E3C9 /* Release */,
			);
			defaultConfigurationIsVisible = 0;
			defaultConfigurationName = Release;
		};
/* End XCConfigurationList section */
	};
	rootObject = 2E376C2C2881C6730064E3C9 /* Project object */;
}
